
Microsoft Visual Studio Solution File, Format Version 12.00
# Visual Studio Version 16
VisualStudioVersion = 16.0.30611.23
MinimumVisualStudioVersion = 10.0.40219.1
Project("{FAE04EC0-301F-11D3-BF4B-00C04F79EFBC}") = "AutoVersionInFooter.Server", "AutoVersionInFooter\Server\AutoVersionInFooter.Server.csproj", "{0CAABE72-E2D9-4A7A-8524-D513A0E0F3F6}"
EndProject
Project("{FAE04EC0-301F-11D3-BF4B-00C04F79EFBC}") = "AutoVersionInFooter.Client", "AutoVersionInFooter\Client\AutoVersionInFooter.Client.csproj", "{07C0A579-DFF5-4321-B92C-D061A1499EAC}"
EndProject
Project("{FAE04EC0-301F-11D3-BF4B-00C04F79EFBC}") = "AutoVersionInFooter.Shared", "AutoVersionInFooter\Shared\AutoVersionInFooter.Shared.csproj", "{20D5F618-FE01-4751-B14B-33072461EF64}"
EndProject
Global
	GlobalSection(SolutionConfigurationPlatforms) = preSolution
		Debug|Any CPU = Debug|Any CPU
		Release|Any CPU = Release|Any CPU
	EndGlobalSection
	GlobalSection(ProjectConfigurationPlatforms) = postSolution
		{0CAABE72-E2D9-4A7A-8524-D513A0E0F3F6}.Debug|Any CPU.ActiveCfg = Debug|Any CPU
		{0CAABE72-E2D9-4A7A-8524-D513A0E0F3F6}.Debug|Any CPU.Build.0 = Debug|Any CPU
		{0CAABE72-E2D9-4A7A-8524-D513A0E0F3F6}.Release|Any CPU.ActiveCfg = Release|Any CPU
		{0CAABE72-E2D9-4A7A-8524-D513A0E0F3F6}.Release|Any CPU.Build.0 = Release|Any CPU
		{07C0A579-DFF5-4321-B92C-D061A1499EAC}.Debug|Any CPU.ActiveCfg = Debug|Any CPU
		{07C0A579-DFF5-4321-B92C-D061A1499EAC}.Debug|Any CPU.Build.0 = Debug|Any CPU
		{07C0A579-DFF5-4321-B92C-D061A1499EAC}.Release|Any CPU.ActiveCfg = Release|Any CPU
		{07C0A579-DFF5-4321-B92C-D061A1499EAC}.Release|Any CPU.Build.0 = Release|Any CPU
		{20D5F618-FE01-4751-B14B-33072461EF64}.Debug|Any CPU.ActiveCfg = Debug|Any CPU
		{20D5F618-FE01-4751-B14B-33072461EF64}.Debug|Any CPU.Build.0 = Debug|Any CPU
		{20D5F618-FE01-4751-B14B-33072461EF64}.Release|Any CPU.ActiveCfg = Release|Any CPU
		{20D5F618-FE01-4751-B14B-33072461EF64}.Release|Any CPU.Build.0 = Release|Any CPU
	EndGlobalSection
	GlobalSection(SolutionProperties) = preSolution
		HideSolutionNode = FALSE
	EndGlobalSection
	GlobalSection(ExtensibilityGlobals) = postSolution
		SolutionGuid = {119C2D8D-4DB6-4F9C-8F3B-DA6199A676CC}
	EndGlobalSection
EndGlobal
